
Microsoft Visual Studio Solution File, Format Version 12.00
# Visual Studio Version 17
VisualStudioVersion = 17.3.32929.385
MinimumVisualStudioVersion = 10.0.40219.1
Project("{FAE04EC0-301F-11D3-BF4B-00C04F79EFBC}") = "consumidor-productor", "consumidor-productor\consumidor-productor.csproj", "{1010E346-4AA8-4DAB-8C4B-D3FC453AA1F9}"
EndProject
Global
	GlobalSection(SolutionConfigurationPlatforms) = preSolution
		Debug|Any CPU = Debug|Any CPU
		Release|Any CPU = Release|Any CPU
	EndGlobalSection
	GlobalSection(ProjectConfigurationPlatforms) = postSolution
		{1010E346-4AA8-4DAB-8C4B-D3FC453AA1F9}.Debug|Any CPU.ActiveCfg = Debug|Any CPU
		{1010E346-4AA8-4DAB-8C4B-D3FC453AA1F9}.Debug|Any CPU.Build.0 = Debug|Any CPU
		{1010E346-4AA8-4DAB-8C4B-D3FC453AA1F9}.Release|Any CPU.ActiveCfg = Release|Any CPU
		{1010E346-4AA8-4DAB-8C4B-D3FC453AA1F9}.Release|Any CPU.Build.0 = Release|Any CPU
	EndGlobalSection
	GlobalSection(SolutionProperties) = preSolution
		HideSolutionNode = FALSE
	EndGlobalSection
	GlobalSection(ExtensibilityGlobals) = postSolution
		SolutionGuid = {1CD2F85C-BB71-4B02-867D-3C584B073719}
	EndGlobalSection
EndGlobal
